# This file is autogenerated, do not edit; changes may be undone by the next 'dep ensure'.


[[projects]]
  branch = "master"
  name = "github.com/Azure/go-ansiterm"
  packages = [
    ".",
    "winterm"
  ]
  revision = "d6e3b3328b783f23731bc4d058875b0371ff8109"

[[projects]]
  name = "github.com/Microsoft/go-winio"
  packages = ["."]
  revision = "7da180ee92d8bd8bb8c37fc560e673e6557c392f"
  version = "v0.4.7"

[[projects]]
  branch = "master"
  name = "github.com/Nvveen/Gotty"
  packages = ["."]
  revision = "cd527374f1e5bff4938207604a14f2e38a9cf512"

[[projects]]
  name = "github.com/Sirupsen/logrus"
  packages = ["."]
  revision = "d682213848ed68c0a260ca37d6dd5ace8423f5ba"
  version = "v1.0.4"

[[projects]]
  branch = "master"
  name = "github.com/andy-zhangtao/gogather"
  packages = [
    "random",
    "time",
    "zlog"
  ]
  revision = "fe9ea0bc8f25faa4ca382c5c152278ea95736f66"

[[projects]]
  name = "github.com/coreos/go-systemd"
  packages = ["activation"]
  revision = "d2196463941895ee908e13531a23a39feb9e1243"
  version = "v15"

[[projects]]
  name = "github.com/docker/docker"
  packages = [
    "api/types",
    "api/types/backend",
    "api/types/blkiodev",
    "api/types/container",
    "api/types/filters",
    "api/types/mount",
    "api/types/network",
    "api/types/plugins/logdriver",
    "api/types/registry",
    "api/types/strslice",
    "api/types/swarm",
    "api/types/versions",
    "daemon/logger",
    "daemon/logger/jsonfilelog",
    "daemon/logger/loggerutils",
    "pkg/filenotify",
    "pkg/ioutils",
    "pkg/jsonlog",
    "pkg/jsonmessage",
    "pkg/longpath",
    "pkg/plugingetter",
    "pkg/plugins",
    "pkg/plugins/transport",
    "pkg/progress",
    "pkg/pubsub",
    "pkg/random",
    "pkg/streamformatter",
    "pkg/stringid",
    "pkg/tailfile",
    "pkg/templates",
    "pkg/term",
    "pkg/term/windows",
    "pkg/urlutil"
  ]
  revision = "90d35abf7b3535c1c319c872900fbd76374e521c"
  version = "v17.05.0-ce-rc3"

[[projects]]
  name = "github.com/docker/go-connections"
  packages = [
    "nat",
    "sockets",
    "tlsconfig"
  ]
  revision = "3ede32e2033de7505e6500d6c868c2b9ed9f169d"
  version = "v0.3.0"

[[projects]]
  branch = "master"
  name = "github.com/docker/go-plugins-helpers"
  packages = ["sdk"]
  revision = "61cb8e2334204460162c8bd2417cd43cb71da66f"

[[projects]]
  name = "github.com/docker/go-units"
  packages = ["."]
  revision = "0dadbb0345b35ec7ef35e228dabb8de89a65bf52"
  version = "v0.3.2"

[[projects]]
  name = "github.com/fsnotify/fsnotify"
  packages = ["."]
  revision = "c2828203cd70a50dcccfb2761f8b1f8ceef9a8e9"
  version = "v1.4.7"

[[projects]]
  name = "github.com/gogo/protobuf"
  packages = [
    "io",
    "proto"
  ]
  revision = "342cbe0a04158f6dcb03ca0079991a51a4248c02"
  version = "v0.5"

[[projects]]
  name = "github.com/influxdata/influxdb"
  packages = [
    "client/v2",
    "models",
    "pkg/escape"
  ]
  revision = "89e084a80fb1e0bf5e7d38038e3367f821fdf3d7"
  version = "v1.5.3"

[[projects]]
  branch = "master"
  name = "github.com/petermattis/goid"
  packages = ["."]
  revision = "b0b1615b78e5ee59739545bb38426383b2cda4c9"

[[projects]]
  name = "github.com/pkg/errors"
  packages = ["."]
  revision = "645ef00459ed84a119197bfb8d8205042c6df63d"
  version = "v0.8.0"

[[projects]]
  branch = "master"
  name = "github.com/tonistiigi/fifo"
  packages = ["."]
  revision = "fbfb6a11ec671efbe94ad1c12c2e98773f19e1e6"

[[projects]]
  branch = "master"
  name = "golang.org/x/crypto"
  packages = ["ssh/terminal"]
  revision = "0efb9460aaf800c6376acf625be2853bceac2e06"

[[projects]]
  branch = "master"
  name = "golang.org/x/net"
  packages = [
    "context",
    "proxy"
  ]
  revision = "0ed95abb35c445290478a5348a7b38bb154135fd"

[[projects]]
  branch = "master"
  name = "golang.org/x/sys"
  packages = [
    "unix",
    "windows"
  ]
  revision = "03467258950d845cd1877eab69461b98e8c09219"

[[projects]]
  branch = "master"
  name = "golang.org/x/time"
  packages = ["rate"]
  revision = "6dc17368e09b0e8634d71cac8168d853e869a0c7"

[[projects]]
  branch = "v2"
  name = "gopkg.in/Graylog2/go-gelf.v2"
  packages = ["gelf"]
  revision = "4143646226541087117ff2f83334ea48b3201841"

[solve-meta]
  analyzer-name = "dep"
  analyzer-version = 1
  inputs-digest = "4fe78b9aca0d495f91e5a957cc87e2a4c4463759e3099237724b0cb400438695"
  solver-name = "gps-cdcl"
  solver-version = 1
